
Microsoft Visual Studio Solution File, Format Version 12.00
Project("{FAE04EC0-301F-11D3-BF4B-00C04F79EFBC}") = "ControllersAndActions", "ControllersAndActions\ControllersAndActions.csproj", "{D060A674-DA04-48CB-A7A0-C504BE25643D}"
EndProject
Project("{2150E333-8FDC-42A3-9474-1A3956D46DE8}") = "GenerarationAnwerFromController_3", "GenerarationAnwerFromController_3", "{5ADA7305-CBAD-45BA-812E-60FA951A9F02}"
EndProject
Project("{FAE04EC0-301F-11D3-BF4B-00C04F79EFBC}") = "GenerateAnswerFromController", "GenerateAnswerFromController\GenerateAnswerFromController.csproj", "{74AB637C-2F81-47EB-88DA-F7CB63FB0ADC}"
EndProject
Project("{2150E333-8FDC-42A3-9474-1A3956D46DE8}") = "GenerationOfHtml", "GenerationOfHtml", "{C1DE9192-A62F-45D7-B26D-91D6D12054E6}"
EndProject
Project("{2150E333-8FDC-42A3-9474-1A3956D46DE8}") = "ControllersAndActions", "ControllersAndActions", "{95E90C4E-FEA7-4CBD-975A-B81EA7A0D694}"
EndProject
Project("{FAE04EC0-301F-11D3-BF4B-00C04F79EFBC}") = "GenerationOFHtml_4", "GenerationOfHtml\GenerationOFHtml_4\GenerationOFHtml_4.csproj", "{1F4B1CA9-8438-41B6-9760-EF49CA01F31F}"
EndProject
Project("{FAE04EC0-301F-11D3-BF4B-00C04F79EFBC}") = "UnitTest.Tests", "GenerationOfHtml\UnitTest.Tests\UnitTest.Tests.csproj", "{40D51CF6-482B-480C-9C7C-794ED8F340AC}"
EndProject
Project("{2150E333-8FDC-42A3-9474-1A3956D46DE8}") = "Redirection", "Redirection", "{ED194873-F99E-408D-B057-990FC6619204}"
EndProject
Project("{FAE04EC0-301F-11D3-BF4B-00C04F79EFBC}") = "RedirectionMVC", "RedirectionMVC\RedirectionMVC.csproj", "{DB50A8EC-F205-4F2E-B52A-941B939F6610}"
EndProject
Project("{FAE04EC0-301F-11D3-BF4B-00C04F79EFBC}") = "Redirection.Tests", "Redirection.Tests\Redirection.Tests.csproj", "{2567FB30-BB3D-4266-93CA-C29D9E002535}"
EndProject
Project("{2150E333-8FDC-42A3-9474-1A3956D46DE8}") = "HttpErrors_6", "HttpErrors_6", "{E61EB724-9CA2-49D5-96DC-AB39F6231077}"
EndProject
Project("{FAE04EC0-301F-11D3-BF4B-00C04F79EFBC}") = "HttpError", "HttpError\HttpError.csproj", "{E4BBA329-7D4E-41E6-A902-DCBBF9AE139A}"
EndProject
Project("{2150E333-8FDC-42A3-9474-1A3956D46DE8}") = "ControllersFabric", "ControllersFabric", "{9B117B08-7AEB-4F5A-82B0-A1031B39D55E}"
EndProject
Project("{FAE04EC0-301F-11D3-BF4B-00C04F79EFBC}") = "ControllersFabric_MVC", "ControllersFabric_MVC\ControllersFabric_MVC.csproj", "{7763C6CD-7C0D-4930-9E69-B5AD0A43E867}"
EndProject
Project("{2150E333-8FDC-42A3-9474-1A3956D46DE8}") = "ActionActivator_8", "ActionActivator_8", "{ACF5DE9B-1488-4ACD-8346-8ECEF48480FC}"
EndProject
Project("{FAE04EC0-301F-11D3-BF4B-00C04F79EFBC}") = "ActionActivator", "ActionActivator\ActionActivator.csproj", "{1E58A503-4067-4B05-A231-DF535D96652F}"
EndProject
Project("{2150E333-8FDC-42A3-9474-1A3956D46DE8}") = "PerformanceImprovement_9", "PerformanceImprovement_9", "{E403C643-A7EC-4AB3-AD1E-F3D5F4355731}"
EndProject
Project("{FAE04EC0-301F-11D3-BF4B-00C04F79EFBC}") = "PerformanceImprovement", "PerformanceImprovement\PerformanceImprovement.csproj", "{336ECCC6-87E0-4833-B83E-AD2D0B0CEE2C}"
EndProject
Project("{2150E333-8FDC-42A3-9474-1A3956D46DE8}") = "RenderingMechanism_10", "RenderingMechanism_10", "{A854E1A4-C7B9-45EC-8A46-D192B5D21D5B}"
EndProject
Project("{FAE04EC0-301F-11D3-BF4B-00C04F79EFBC}") = "RenderingMechanism", "RenderingMechanism\RenderingMechanism.csproj", "{001BCD5A-EFEA-4D2B-9EDE-F077B071D538}"
EndProject
Project("{2150E333-8FDC-42A3-9474-1A3956D46DE8}") = "Razor_11", "Razor_11", "{96E438B6-235A-4547-B1E9-D36022694DC9}"
EndProject
Project("{FAE04EC0-301F-11D3-BF4B-00C04F79EFBC}") = "Razor", "Razor\Razor.csproj", "{4610D6F5-F1DA-4A22-A6AB-40C507654599}"
EndProject
Project("{2150E333-8FDC-42A3-9474-1A3956D46DE8}") = "LayoutSections_12", "LayoutSections_12", "{1E43E82C-2979-4105-A93B-14AA4636D674}"
EndProject
Project("{FAE04EC0-301F-11D3-BF4B-00C04F79EFBC}") = "LayoutSections", "LayoutSections\LayoutSections.csproj", "{08C2E135-2171-4ED5-84A0-86613B812656}"
EndProject
Project("{2150E333-8FDC-42A3-9474-1A3956D46DE8}") = "PartialViews_13", "PartialViews_13", "{C5EC54F2-6671-41E1-ACC6-4D14109A4FFA}"
EndProject
Project("{FAE04EC0-301F-11D3-BF4B-00C04F79EFBC}") = "PartialViews", "PartialViews\PartialViews.csproj", "{8AE07A48-702A-41F3-B388-E9AB9E374FF1}"
EndProject
Project("{2150E333-8FDC-42A3-9474-1A3956D46DE8}") = "ChildActions_14", "ChildActions_14", "{3B6FA628-E88C-4A25-A7CD-FA1F94E95677}"
EndProject
Project("{FAE04EC0-301F-11D3-BF4B-00C04F79EFBC}") = "ChildActions", "ChildActions\ChildActions.csproj", "{594220DD-F38B-4AF2-A0B9-BB221D771CCA}"
EndProject
Global
	GlobalSection(SolutionConfigurationPlatforms) = preSolution
		Debug|Any CPU = Debug|Any CPU
		Release|Any CPU = Release|Any CPU
	EndGlobalSection
	GlobalSection(ProjectConfigurationPlatforms) = postSolution
		{D060A674-DA04-48CB-A7A0-C504BE25643D}.Debug|Any CPU.ActiveCfg = Debug|Any CPU
		{D060A674-DA04-48CB-A7A0-C504BE25643D}.Debug|Any CPU.Build.0 = Debug|Any CPU
		{D060A674-DA04-48CB-A7A0-C504BE25643D}.Release|Any CPU.ActiveCfg = Release|Any CPU
		{D060A674-DA04-48CB-A7A0-C504BE25643D}.Release|Any CPU.Build.0 = Release|Any CPU
		{74AB637C-2F81-47EB-88DA-F7CB63FB0ADC}.Debug|Any CPU.ActiveCfg = Debug|Any CPU
		{74AB637C-2F81-47EB-88DA-F7CB63FB0ADC}.Debug|Any CPU.Build.0 = Debug|Any CPU
		{74AB637C-2F81-47EB-88DA-F7CB63FB0ADC}.Release|Any CPU.ActiveCfg = Release|Any CPU
		{74AB637C-2F81-47EB-88DA-F7CB63FB0ADC}.Release|Any CPU.Build.0 = Release|Any CPU
		{1F4B1CA9-8438-41B6-9760-EF49CA01F31F}.Debug|Any CPU.ActiveCfg = Debug|Any CPU
		{1F4B1CA9-8438-41B6-9760-EF49CA01F31F}.Debug|Any CPU.Build.0 = Debug|Any CPU
		{1F4B1CA9-8438-41B6-9760-EF49CA01F31F}.Release|Any CPU.ActiveCfg = Release|Any CPU
		{1F4B1CA9-8438-41B6-9760-EF49CA01F31F}.Release|Any CPU.Build.0 = Release|Any CPU
		{40D51CF6-482B-480C-9C7C-794ED8F340AC}.Debug|Any CPU.ActiveCfg = Debug|Any CPU
		{40D51CF6-482B-480C-9C7C-794ED8F340AC}.Debug|Any CPU.Build.0 = Debug|Any CPU
		{40D51CF6-482B-480C-9C7C-794ED8F340AC}.Release|Any CPU.ActiveCfg = Release|Any CPU
		{40D51CF6-482B-480C-9C7C-794ED8F340AC}.Release|Any CPU.Build.0 = Release|Any CPU
		{DB50A8EC-F205-4F2E-B52A-941B939F6610}.Debug|Any CPU.ActiveCfg = Debug|Any CPU
		{DB50A8EC-F205-4F2E-B52A-941B939F6610}.Debug|Any CPU.Build.0 = Debug|Any CPU
		{DB50A8EC-F205-4F2E-B52A-941B939F6610}.Release|Any CPU.ActiveCfg = Release|Any CPU
		{DB50A8EC-F205-4F2E-B52A-941B939F6610}.Release|Any CPU.Build.0 = Release|Any CPU
		{2567FB30-BB3D-4266-93CA-C29D9E002535}.Debug|Any CPU.ActiveCfg = Debug|Any CPU
		{2567FB30-BB3D-4266-93CA-C29D9E002535}.Debug|Any CPU.Build.0 = Debug|Any CPU
		{2567FB30-BB3D-4266-93CA-C29D9E002535}.Release|Any CPU.ActiveCfg = Release|Any CPU
		{2567FB30-BB3D-4266-93CA-C29D9E002535}.Release|Any CPU.Build.0 = Release|Any CPU
		{E4BBA329-7D4E-41E6-A902-DCBBF9AE139A}.Debug|Any CPU.ActiveCfg = Debug|Any CPU
		{E4BBA329-7D4E-41E6-A902-DCBBF9AE139A}.Debug|Any CPU.Build.0 = Debug|Any CPU
		{E4BBA329-7D4E-41E6-A902-DCBBF9AE139A}.Release|Any CPU.ActiveCfg = Release|Any CPU
		{E4BBA329-7D4E-41E6-A902-DCBBF9AE139A}.Release|Any CPU.Build.0 = Release|Any CPU
		{7763C6CD-7C0D-4930-9E69-B5AD0A43E867}.Debug|Any CPU.ActiveCfg = Debug|Any CPU
		{7763C6CD-7C0D-4930-9E69-B5AD0A43E867}.Debug|Any CPU.Build.0 = Debug|Any CPU
		{7763C6CD-7C0D-4930-9E69-B5AD0A43E867}.Release|Any CPU.ActiveCfg = Release|Any CPU
		{7763C6CD-7C0D-4930-9E69-B5AD0A43E867}.Release|Any CPU.Build.0 = Release|Any CPU
		{1E58A503-4067-4B05-A231-DF535D96652F}.Debug|Any CPU.ActiveCfg = Debug|Any CPU
		{1E58A503-4067-4B05-A231-DF535D96652F}.Debug|Any CPU.Build.0 = Debug|Any CPU
		{1E58A503-4067-4B05-A231-DF535D96652F}.Release|Any CPU.ActiveCfg = Release|Any CPU
		{1E58A503-4067-4B05-A231-DF535D96652F}.Release|Any CPU.Build.0 = Release|Any CPU
		{336ECCC6-87E0-4833-B83E-AD2D0B0CEE2C}.Debug|Any CPU.ActiveCfg = Debug|Any CPU
		{336ECCC6-87E0-4833-B83E-AD2D0B0CEE2C}.Debug|Any CPU.Build.0 = Debug|Any CPU
		{336ECCC6-87E0-4833-B83E-AD2D0B0CEE2C}.Release|Any CPU.ActiveCfg = Release|Any CPU
		{336ECCC6-87E0-4833-B83E-AD2D0B0CEE2C}.Release|Any CPU.Build.0 = Release|Any CPU
		{001BCD5A-EFEA-4D2B-9EDE-F077B071D538}.Debug|Any CPU.ActiveCfg = Debug|Any CPU
		{001BCD5A-EFEA-4D2B-9EDE-F077B071D538}.Debug|Any CPU.Build.0 = Debug|Any CPU
		{001BCD5A-EFEA-4D2B-9EDE-F077B071D538}.Release|Any CPU.ActiveCfg = Release|Any CPU
		{001BCD5A-EFEA-4D2B-9EDE-F077B071D538}.Release|Any CPU.Build.0 = Release|Any CPU
		{4610D6F5-F1DA-4A22-A6AB-40C507654599}.Debug|Any CPU.ActiveCfg = Debug|Any CPU
		{4610D6F5-F1DA-4A22-A6AB-40C507654599}.Debug|Any CPU.Build.0 = Debug|Any CPU
		{4610D6F5-F1DA-4A22-A6AB-40C507654599}.Release|Any CPU.ActiveCfg = Release|Any CPU
		{4610D6F5-F1DA-4A22-A6AB-40C507654599}.Release|Any CPU.Build.0 = Release|Any CPU
		{08C2E135-2171-4ED5-84A0-86613B812656}.Debug|Any CPU.ActiveCfg = Debug|Any CPU
		{08C2E135-2171-4ED5-84A0-86613B812656}.Debug|Any CPU.Build.0 = Debug|Any CPU
		{08C2E135-2171-4ED5-84A0-86613B812656}.Release|Any CPU.ActiveCfg = Release|Any CPU
		{08C2E135-2171-4ED5-84A0-86613B812656}.Release|Any CPU.Build.0 = Release|Any CPU
		{8AE07A48-702A-41F3-B388-E9AB9E374FF1}.Debug|Any CPU.ActiveCfg = Debug|Any CPU
		{8AE07A48-702A-41F3-B388-E9AB9E374FF1}.Debug|Any CPU.Build.0 = Debug|Any CPU
		{8AE07A48-702A-41F3-B388-E9AB9E374FF1}.Release|Any CPU.ActiveCfg = Release|Any CPU
		{8AE07A48-702A-41F3-B388-E9AB9E374FF1}.Release|Any CPU.Build.0 = Release|Any CPU
		{594220DD-F38B-4AF2-A0B9-BB221D771CCA}.Debug|Any CPU.ActiveCfg = Debug|Any CPU
		{594220DD-F38B-4AF2-A0B9-BB221D771CCA}.Debug|Any CPU.Build.0 = Debug|Any CPU
		{594220DD-F38B-4AF2-A0B9-BB221D771CCA}.Release|Any CPU.ActiveCfg = Release|Any CPU
		{594220DD-F38B-4AF2-A0B9-BB221D771CCA}.Release|Any CPU.Build.0 = Release|Any CPU
	EndGlobalSection
	GlobalSection(NestedProjects) = preSolution
		{74AB637C-2F81-47EB-88DA-F7CB63FB0ADC} = {5ADA7305-CBAD-45BA-812E-60FA951A9F02}
		{D060A674-DA04-48CB-A7A0-C504BE25643D} = {95E90C4E-FEA7-4CBD-975A-B81EA7A0D694}
		{1F4B1CA9-8438-41B6-9760-EF49CA01F31F} = {C1DE9192-A62F-45D7-B26D-91D6D12054E6}
		{40D51CF6-482B-480C-9C7C-794ED8F340AC} = {C1DE9192-A62F-45D7-B26D-91D6D12054E6}
		{DB50A8EC-F205-4F2E-B52A-941B939F6610} = {ED194873-F99E-408D-B057-990FC6619204}
		{2567FB30-BB3D-4266-93CA-C29D9E002535} = {ED194873-F99E-408D-B057-990FC6619204}
		{E4BBA329-7D4E-41E6-A902-DCBBF9AE139A} = {E61EB724-9CA2-49D5-96DC-AB39F6231077}
		{7763C6CD-7C0D-4930-9E69-B5AD0A43E867} = {9B117B08-7AEB-4F5A-82B0-A1031B39D55E}
		{1E58A503-4067-4B05-A231-DF535D96652F} = {ACF5DE9B-1488-4ACD-8346-8ECEF48480FC}
		{336ECCC6-87E0-4833-B83E-AD2D0B0CEE2C} = {E403C643-A7EC-4AB3-AD1E-F3D5F4355731}
		{001BCD5A-EFEA-4D2B-9EDE-F077B071D538} = {A854E1A4-C7B9-45EC-8A46-D192B5D21D5B}
		{4610D6F5-F1DA-4A22-A6AB-40C507654599} = {96E438B6-235A-4547-B1E9-D36022694DC9}
		{08C2E135-2171-4ED5-84A0-86613B812656} = {1E43E82C-2979-4105-A93B-14AA4636D674}
		{8AE07A48-702A-41F3-B388-E9AB9E374FF1} = {C5EC54F2-6671-41E1-ACC6-4D14109A4FFA}
		{594220DD-F38B-4AF2-A0B9-BB221D771CCA} = {3B6FA628-E88C-4A25-A7CD-FA1F94E95677}
	EndGlobalSection
EndGlobal
