
Microsoft Visual Studio Solution File, Format Version 12.00
Project("{FAE04EC0-301F-11D3-BF4B-00C04F79EFBC}") = "TemplatedHelper_", "TemplatedHelper_\TemplatedHelper_.csproj", "{DCF63E69-C563-49CE-8000-1CFAE1BB1344}"
EndProject
Global
	GlobalSection(SolutionConfigurationPlatforms) = preSolution
		Debug|Any CPU = Debug|Any CPU
		Release|Any CPU = Release|Any CPU
	EndGlobalSection
	GlobalSection(ProjectConfigurationPlatforms) = postSolution
		{DCF63E69-C563-49CE-8000-1CFAE1BB1344}.Debug|Any CPU.ActiveCfg = Debug|Any CPU
		{DCF63E69-C563-49CE-8000-1CFAE1BB1344}.Debug|Any CPU.Build.0 = Debug|Any CPU
		{DCF63E69-C563-49CE-8000-1CFAE1BB1344}.Release|Any CPU.ActiveCfg = Release|Any CPU
		{DCF63E69-C563-49CE-8000-1CFAE1BB1344}.Release|Any CPU.Build.0 = Release|Any CPU
	EndGlobalSection
EndGlobal
